
Microsoft Visual Studio Solution File, Format Version 12.00
# Visual Studio Version 17
VisualStudioVersion = 17.14.36212.18
MinimumVisualStudioVersion = 10.0.40219.1
Project("{2150E333-8FDC-42A3-9474-1A3956D46DE8}") = "Services", "Services", "{02EA681E-C7D8-13C7-8484-4AC65E1B71E8}"
EndProject
Project("{2150E333-8FDC-42A3-9474-1A3956D46DE8}") = "Catalog", "Catalog", "{A550DC77-A8A5-4FBD-8625-59871707A6CB}"
EndProject
Project("{FAE04EC0-301F-11D3-BF4B-00C04F79EFBC}") = "CatalogAPI", "Services\Catalog\CatalogAPI\CatalogAPI.csproj", "{E6442CBF-EFAC-4B27-8AC5-0277CA504905}"
EndProject
Project("{2150E333-8FDC-42A3-9474-1A3956D46DE8}") = "BuildingBlocks", "BuildingBlocks", "{ACE48075-4655-465C-8559-37E8D0EAB85B}"
EndProject
Project("{FAE04EC0-301F-11D3-BF4B-00C04F79EFBC}") = "BuildingBlocks", "BuildingBlocks\BuildingBlocks\BuildingBlocks.csproj", "{CA0ACB7A-9C77-4B43-9FB5-0D03FE0E48E9}"
EndProject
Project("{E53339B2-1760-4266-BCC7-CA923CBCF16C}") = "docker-compose", "docker-compose.dcproj", "{81DDED9D-158B-E303-5F62-77A2896D2A5A}"
EndProject
Project("{2150E333-8FDC-42A3-9474-1A3956D46DE8}") = "Basket", "Basket", "{3C8FEDBE-EA3D-44A3-A19F-E20A6B54782A}"
EndProject
Project("{FAE04EC0-301F-11D3-BF4B-00C04F79EFBC}") = "BasketAPI", "Services\Basket\BasketAPI\BasketAPI.csproj", "{D812B03D-E288-4AA5-93A3-811F94694DBE}"
EndProject
Project("{2150E333-8FDC-42A3-9474-1A3956D46DE8}") = "Discount", "Discount", "{C4D372AE-62F2-4A98-AF35-7C8783537A8E}"
EndProject
Project("{FAE04EC0-301F-11D3-BF4B-00C04F79EFBC}") = "DiscountGrpc", "Services\Discount\DiscountGrpc\DiscountGrpc.csproj", "{C2F569A0-4237-4F63-AAB5-E8A01E144C5D}"
EndProject
Project("{2150E333-8FDC-42A3-9474-1A3956D46DE8}") = "Ordering", "Ordering", "{BA66672E-37DD-4A45-A6B8-6FE070E31AFC}"
EndProject
Project("{FAE04EC0-301F-11D3-BF4B-00C04F79EFBC}") = "OrderingAPI", "Services\Ordering\OrderingAPI\OrderingAPI.csproj", "{9F6D358B-9FA9-4312-B9D6-F12EF87F92A4}"
EndProject
Project("{FAE04EC0-301F-11D3-BF4B-00C04F79EFBC}") = "Ordering.Domain", "Services\Ordering\Ordering.Domain\Ordering.Domain.csproj", "{0B75281D-1056-496E-9519-3D65D107A7B1}"
EndProject
Project("{FAE04EC0-301F-11D3-BF4B-00C04F79EFBC}") = "Ordering.Application", "Services\Ordering\Ordering.Application\Ordering.Application.csproj", "{CFDF6108-B575-4D0A-9769-DAB5DECF4439}"
EndProject
Project("{FAE04EC0-301F-11D3-BF4B-00C04F79EFBC}") = "Ordering.Infrastructure", "Services\Ordering\Ordering.Infrastructure\Ordering.Infrastructure.csproj", "{98418CF4-7C00-4935-B32E-025F6E553972}"
EndProject
Project("{FAE04EC0-301F-11D3-BF4B-00C04F79EFBC}") = "BuildingBlocks.Messaging", "BuildingBlocks\BuildingBlocks.Messaging\BuildingBlocks.Messaging.csproj", "{06389189-ED14-49B1-8206-9A2A618BD1C2}"
EndProject
Project("{2150E333-8FDC-42A3-9474-1A3956D46DE8}") = "ApiGateways", "ApiGateways", "{696BE4DB-7A05-46B7-98C4-9379DBAEAEDB}"
EndProject
Project("{FAE04EC0-301F-11D3-BF4B-00C04F79EFBC}") = "YarpGateway", "ApiGateways\YarpGateway\YarpGateway.csproj", "{8E44DD59-4C1C-4049-994B-9F0DCF5F7FDC}"
EndProject
Project("{2150E333-8FDC-42A3-9474-1A3956D46DE8}") = "WebApps", "WebApps", "{227D2682-6CE2-4423-A34C-9B354C5A2D01}"
EndProject
Project("{FAE04EC0-301F-11D3-BF4B-00C04F79EFBC}") = "Shopping.Web", "WebApps\Shopping.Web\Shopping.Web.csproj", "{4494782F-84D5-43FE-9E61-A873A6F1D02C}"
EndProject
Global
	GlobalSection(SolutionConfigurationPlatforms) = preSolution
		Debug|Any CPU = Debug|Any CPU
		Release|Any CPU = Release|Any CPU
	EndGlobalSection
	GlobalSection(ProjectConfigurationPlatforms) = postSolution
		{E6442CBF-EFAC-4B27-8AC5-0277CA504905}.Debug|Any CPU.ActiveCfg = Debug|Any CPU
		{E6442CBF-EFAC-4B27-8AC5-0277CA504905}.Debug|Any CPU.Build.0 = Debug|Any CPU
		{E6442CBF-EFAC-4B27-8AC5-0277CA504905}.Release|Any CPU.ActiveCfg = Release|Any CPU
		{E6442CBF-EFAC-4B27-8AC5-0277CA504905}.Release|Any CPU.Build.0 = Release|Any CPU
		{CA0ACB7A-9C77-4B43-9FB5-0D03FE0E48E9}.Debug|Any CPU.ActiveCfg = Debug|Any CPU
		{CA0ACB7A-9C77-4B43-9FB5-0D03FE0E48E9}.Debug|Any CPU.Build.0 = Debug|Any CPU
		{CA0ACB7A-9C77-4B43-9FB5-0D03FE0E48E9}.Release|Any CPU.ActiveCfg = Release|Any CPU
		{CA0ACB7A-9C77-4B43-9FB5-0D03FE0E48E9}.Release|Any CPU.Build.0 = Release|Any CPU
		{81DDED9D-158B-E303-5F62-77A2896D2A5A}.Debug|Any CPU.ActiveCfg = Debug|Any CPU
		{81DDED9D-158B-E303-5F62-77A2896D2A5A}.Debug|Any CPU.Build.0 = Debug|Any CPU
		{81DDED9D-158B-E303-5F62-77A2896D2A5A}.Release|Any CPU.ActiveCfg = Release|Any CPU
		{81DDED9D-158B-E303-5F62-77A2896D2A5A}.Release|Any CPU.Build.0 = Release|Any CPU
		{D812B03D-E288-4AA5-93A3-811F94694DBE}.Debug|Any CPU.ActiveCfg = Debug|Any CPU
		{D812B03D-E288-4AA5-93A3-811F94694DBE}.Debug|Any CPU.Build.0 = Debug|Any CPU
		{D812B03D-E288-4AA5-93A3-811F94694DBE}.Release|Any CPU.ActiveCfg = Release|Any CPU
		{D812B03D-E288-4AA5-93A3-811F94694DBE}.Release|Any CPU.Build.0 = Release|Any CPU
		{C2F569A0-4237-4F63-AAB5-E8A01E144C5D}.Debug|Any CPU.ActiveCfg = Debug|Any CPU
		{C2F569A0-4237-4F63-AAB5-E8A01E144C5D}.Debug|Any CPU.Build.0 = Debug|Any CPU
		{C2F569A0-4237-4F63-AAB5-E8A01E144C5D}.Release|Any CPU.ActiveCfg = Release|Any CPU
		{C2F569A0-4237-4F63-AAB5-E8A01E144C5D}.Release|Any CPU.Build.0 = Release|Any CPU
		{9F6D358B-9FA9-4312-B9D6-F12EF87F92A4}.Debug|Any CPU.ActiveCfg = Debug|Any CPU
		{9F6D358B-9FA9-4312-B9D6-F12EF87F92A4}.Debug|Any CPU.Build.0 = Debug|Any CPU
		{9F6D358B-9FA9-4312-B9D6-F12EF87F92A4}.Release|Any CPU.ActiveCfg = Release|Any CPU
		{9F6D358B-9FA9-4312-B9D6-F12EF87F92A4}.Release|Any CPU.Build.0 = Release|Any CPU
		{0B75281D-1056-496E-9519-3D65D107A7B1}.Debug|Any CPU.ActiveCfg = Debug|Any CPU
		{0B75281D-1056-496E-9519-3D65D107A7B1}.Debug|Any CPU.Build.0 = Debug|Any CPU
		{0B75281D-1056-496E-9519-3D65D107A7B1}.Release|Any CPU.ActiveCfg = Release|Any CPU
		{0B75281D-1056-496E-9519-3D65D107A7B1}.Release|Any CPU.Build.0 = Release|Any CPU
		{CFDF6108-B575-4D0A-9769-DAB5DECF4439}.Debug|Any CPU.ActiveCfg = Debug|Any CPU
		{CFDF6108-B575-4D0A-9769-DAB5DECF4439}.Debug|Any CPU.Build.0 = Debug|Any CPU
		{CFDF6108-B575-4D0A-9769-DAB5DECF4439}.Release|Any CPU.ActiveCfg = Release|Any CPU
		{CFDF6108-B575-4D0A-9769-DAB5DECF4439}.Release|Any CPU.Build.0 = Release|Any CPU
		{98418CF4-7C00-4935-B32E-025F6E553972}.Debug|Any CPU.ActiveCfg = Debug|Any CPU
		{98418CF4-7C00-4935-B32E-025F6E553972}.Debug|Any CPU.Build.0 = Debug|Any CPU
		{98418CF4-7C00-4935-B32E-025F6E553972}.Release|Any CPU.ActiveCfg = Release|Any CPU
		{98418CF4-7C00-4935-B32E-025F6E553972}.Release|Any CPU.Build.0 = Release|Any CPU
		{06389189-ED14-49B1-8206-9A2A618BD1C2}.Debug|Any CPU.ActiveCfg = Debug|Any CPU
		{06389189-ED14-49B1-8206-9A2A618BD1C2}.Debug|Any CPU.Build.0 = Debug|Any CPU
		{06389189-ED14-49B1-8206-9A2A618BD1C2}.Release|Any CPU.ActiveCfg = Release|Any CPU
		{06389189-ED14-49B1-8206-9A2A618BD1C2}.Release|Any CPU.Build.0 = Release|Any CPU
		{8E44DD59-4C1C-4049-994B-9F0DCF5F7FDC}.Debug|Any CPU.ActiveCfg = Debug|Any CPU
		{8E44DD59-4C1C-4049-994B-9F0DCF5F7FDC}.Debug|Any CPU.Build.0 = Debug|Any CPU
		{8E44DD59-4C1C-4049-994B-9F0DCF5F7FDC}.Release|Any CPU.ActiveCfg = Release|Any CPU
		{8E44DD59-4C1C-4049-994B-9F0DCF5F7FDC}.Release|Any CPU.Build.0 = Release|Any CPU
		{4494782F-84D5-43FE-9E61-A873A6F1D02C}.Debug|Any CPU.ActiveCfg = Debug|Any CPU
		{4494782F-84D5-43FE-9E61-A873A6F1D02C}.Debug|Any CPU.Build.0 = Debug|Any CPU
		{4494782F-84D5-43FE-9E61-A873A6F1D02C}.Release|Any CPU.ActiveCfg = Release|Any CPU
		{4494782F-84D5-43FE-9E61-A873A6F1D02C}.Release|Any CPU.Build.0 = Release|Any CPU
	EndGlobalSection
	GlobalSection(SolutionProperties) = preSolution
		HideSolutionNode = FALSE
	EndGlobalSection
	GlobalSection(NestedProjects) = preSolution
		{A550DC77-A8A5-4FBD-8625-59871707A6CB} = {02EA681E-C7D8-13C7-8484-4AC65E1B71E8}
		{E6442CBF-EFAC-4B27-8AC5-0277CA504905} = {A550DC77-A8A5-4FBD-8625-59871707A6CB}
		{CA0ACB7A-9C77-4B43-9FB5-0D03FE0E48E9} = {ACE48075-4655-465C-8559-37E8D0EAB85B}
		{3C8FEDBE-EA3D-44A3-A19F-E20A6B54782A} = {02EA681E-C7D8-13C7-8484-4AC65E1B71E8}
		{D812B03D-E288-4AA5-93A3-811F94694DBE} = {3C8FEDBE-EA3D-44A3-A19F-E20A6B54782A}
		{C4D372AE-62F2-4A98-AF35-7C8783537A8E} = {02EA681E-C7D8-13C7-8484-4AC65E1B71E8}
		{C2F569A0-4237-4F63-AAB5-E8A01E144C5D} = {C4D372AE-62F2-4A98-AF35-7C8783537A8E}
		{BA66672E-37DD-4A45-A6B8-6FE070E31AFC} = {02EA681E-C7D8-13C7-8484-4AC65E1B71E8}
		{9F6D358B-9FA9-4312-B9D6-F12EF87F92A4} = {BA66672E-37DD-4A45-A6B8-6FE070E31AFC}
		{0B75281D-1056-496E-9519-3D65D107A7B1} = {BA66672E-37DD-4A45-A6B8-6FE070E31AFC}
		{CFDF6108-B575-4D0A-9769-DAB5DECF4439} = {BA66672E-37DD-4A45-A6B8-6FE070E31AFC}
		{98418CF4-7C00-4935-B32E-025F6E553972} = {BA66672E-37DD-4A45-A6B8-6FE070E31AFC}
		{06389189-ED14-49B1-8206-9A2A618BD1C2} = {ACE48075-4655-465C-8559-37E8D0EAB85B}
		{8E44DD59-4C1C-4049-994B-9F0DCF5F7FDC} = {696BE4DB-7A05-46B7-98C4-9379DBAEAEDB}
		{4494782F-84D5-43FE-9E61-A873A6F1D02C} = {227D2682-6CE2-4423-A34C-9B354C5A2D01}
	EndGlobalSection
	GlobalSection(ExtensibilityGlobals) = postSolution
		SolutionGuid = {6BB2DA0E-704B-47CA-9803-CB02C063A5A2}
	EndGlobalSection
EndGlobal
